
Microsoft Visual Studio Solution File, Format Version 11.00
# Visual Studio 2010
Project("{8BC9CEB8-8B4A-11D0-8D11-00A0C91BC942}") = "Outlook64detect", "Outlook64detect.vcxproj", "{3ADFA9A9-04F7-247D-08DA-0376FEB407BF}"
EndProject
Global
	GlobalSection(SolutionConfigurationPlatforms) = preSolution
		Debug|Win32 = Debug|Win32
		Release|Win32 = Release|Win32
	EndGlobalSection
	GlobalSection(ProjectConfigurationPlatforms) = postSolution
		{3ADFA9A9-04F7-247D-08DA-0376FEB407BF}.Debug|Win32.ActiveCfg = Debug|Win32
		{3ADFA9A9-04F7-247D-08DA-0376FEB407BF}.Debug|Win32.Build.0 = Debug|Win32
		{3ADFA9A9-04F7-247D-08DA-0376FEB407BF}.Release|Win32.ActiveCfg = Release|Win32
		{3ADFA9A9-04F7-247D-08DA-0376FEB407BF}.Release|Win32.Build.0 = Release|Win32
	EndGlobalSection
	GlobalSection(SolutionProperties) = preSolution
		HideSolutionNode = FALSE
	EndGlobalSection
EndGlobal
